
Microsoft Visual Studio Solution File, Format Version 12.00
# Visual Studio Version 17
VisualStudioVersion = 17.5.33424.131
MinimumVisualStudioVersion = 10.0.40219.1
Project("{FAE04EC0-301F-11D3-BF4B-00C04F79EFBC}") = "RandomNumbers", "RandomNumbers\RandomNumbers.csproj", "{237D02DF-57E0-43BF-A064-32171DC3EDFE}"
EndProject
Global
	GlobalSection(SolutionConfigurationPlatforms) = preSolution
		Debug|Any CPU = Debug|Any CPU
		Release|Any CPU = Release|Any CPU
	EndGlobalSection
	GlobalSection(ProjectConfigurationPlatforms) = postSolution
		{237D02DF-57E0-43BF-A064-32171DC3EDFE}.Debug|Any CPU.ActiveCfg = Debug|Any CPU
		{237D02DF-57E0-43BF-A064-32171DC3EDFE}.Debug|Any CPU.Build.0 = Debug|Any CPU
		{237D02DF-57E0-43BF-A064-32171DC3EDFE}.Release|Any CPU.ActiveCfg = Release|Any CPU
		{237D02DF-57E0-43BF-A064-32171DC3EDFE}.Release|Any CPU.Build.0 = Release|Any CPU
	EndGlobalSection
	GlobalSection(SolutionProperties) = preSolution
		HideSolutionNode = FALSE
	EndGlobalSection
	GlobalSection(ExtensibilityGlobals) = postSolution
		SolutionGuid = {43653DD7-6619-4B3B-BEE9-0E62012E2F6A}
	EndGlobalSection
EndGlobal
